
Microsoft Visual Studio Solution File, Format Version 12.00
# Visual Studio Version 17
VisualStudioVersion = 17.11.35312.102
MinimumVisualStudioVersion = 10.0.40219.1
Project("{8BC9CEB8-8B4A-11D0-8D11-00A0C91BC942}") = "lab4.2", "lab4.2.vcxproj", "{08B91D97-BC70-4EE2-B29C-D381D020B4C4}"
EndProject
Project("{8BC9CEB8-8B4A-11D0-8D11-00A0C91BC942}") = "UnitTest4.2", "..\UnitTest4.2\UnitTest4.2.vcxproj", "{2A982A48-01FF-4F06-B4C8-C2DDDE9851A9}"
EndProject
Global
	GlobalSection(SolutionConfigurationPlatforms) = preSolution
		Debug|x64 = Debug|x64
		Debug|x86 = Debug|x86
		Release|x64 = Release|x64
		Release|x86 = Release|x86
	EndGlobalSection
	GlobalSection(ProjectConfigurationPlatforms) = postSolution
		{08B91D97-BC70-4EE2-B29C-D381D020B4C4}.Debug|x64.ActiveCfg = Debug|x64
		{08B91D97-BC70-4EE2-B29C-D381D020B4C4}.Debug|x64.Build.0 = Debug|x64
		{08B91D97-BC70-4EE2-B29C-D381D020B4C4}.Debug|x86.ActiveCfg = Debug|Win32
		{08B91D97-BC70-4EE2-B29C-D381D020B4C4}.Debug|x86.Build.0 = Debug|Win32
		{08B91D97-BC70-4EE2-B29C-D381D020B4C4}.Release|x64.ActiveCfg = Release|x64
		{08B91D97-BC70-4EE2-B29C-D381D020B4C4}.Release|x64.Build.0 = Release|x64
		{08B91D97-BC70-4EE2-B29C-D381D020B4C4}.Release|x86.ActiveCfg = Release|Win32
		{08B91D97-BC70-4EE2-B29C-D381D020B4C4}.Release|x86.Build.0 = Release|Win32
		{2A982A48-01FF-4F06-B4C8-C2DDDE9851A9}.Debug|x64.ActiveCfg = Debug|x64
		{2A982A48-01FF-4F06-B4C8-C2DDDE9851A9}.Debug|x64.Build.0 = Debug|x64
		{2A982A48-01FF-4F06-B4C8-C2DDDE9851A9}.Debug|x86.ActiveCfg = Debug|Win32
		{2A982A48-01FF-4F06-B4C8-C2DDDE9851A9}.Debug|x86.Build.0 = Debug|Win32
		{2A982A48-01FF-4F06-B4C8-C2DDDE9851A9}.Release|x64.ActiveCfg = Release|x64
		{2A982A48-01FF-4F06-B4C8-C2DDDE9851A9}.Release|x64.Build.0 = Release|x64
		{2A982A48-01FF-4F06-B4C8-C2DDDE9851A9}.Release|x86.ActiveCfg = Release|Win32
		{2A982A48-01FF-4F06-B4C8-C2DDDE9851A9}.Release|x86.Build.0 = Release|Win32
	EndGlobalSection
	GlobalSection(SolutionProperties) = preSolution
		HideSolutionNode = FALSE
	EndGlobalSection
	GlobalSection(ExtensibilityGlobals) = postSolution
		SolutionGuid = {E181CACB-2A31-4891-B03E-89EE48C7118A}
	EndGlobalSection
EndGlobal
